// !$*UTF8*$!
{
	archiveVersion = 1;
	classes = {
	};
	objectVersion = 56;
	objects = {

/* Begin PBXBuildFile section */
		4A0396282B3648180023521F /* PhoneNumberVIew.swift in Sources */ = {isa = PBXBuildFile; fileRef = 4A0396272B3648180023521F /* PhoneNumberVIew.swift */; };
		4A03962A2B364B950023521F /* MailVIew.swift in Sources */ = {isa = PBXBuildFile; fileRef = 4A0396292B364B950023521F /* MailVIew.swift */; };
		4A03962D2B364EED0023521F /* Helper.swift in Sources */ = {isa = PBXBuildFile; fileRef = 4A03962C2B364EED0023521F /* Helper.swift */; };
		4A2F77692B3702E700777B5E /* User.swift in Sources */ = {isa = PBXBuildFile; fileRef = 4A2F77682B3702E700777B5E /* User.swift */; };
		4A2F776C2B374D8400777B5E /* ViewModifier's.swift in Sources */ = {isa = PBXBuildFile; fileRef = 4A2F776B2B374D8400777B5E /* ViewModifier's.swift */; };
		4A4A41D02B2EC95E00B411D1 /* Booking_hotelsApp.swift in Sources */ = {isa = PBXBuildFile; fileRef = 4A4A41CF2B2EC95E00B411D1 /* Booking_hotelsApp.swift */; };
		4A4A41D42B2EC95E00B411D1 /* Assets.xcassets in Resources */ = {isa = PBXBuildFile; fileRef = 4A4A41D32B2EC95E00B411D1 /* Assets.xcassets */; };
		4A4A41D72B2EC95E00B411D1 /* Preview Assets.xcassets in Resources */ = {isa = PBXBuildFile; fileRef = 4A4A41D62B2EC95E00B411D1 /* Preview Assets.xcassets */; };
		4A4A41DF2B2EC9A000B411D1 /* Hotel.swift in Sources */ = {isa = PBXBuildFile; fileRef = 4A4A41DE2B2EC9A000B411D1 /* Hotel.swift */; };
		4A4A41E22B2ECBF100B411D1 /* NetworkManager.swift in Sources */ = {isa = PBXBuildFile; fileRef = 4A4A41E12B2ECBF100B411D1 /* NetworkManager.swift */; };
		4A4A41E42B2EDCAF00B411D1 /* PaidedView.swift in Sources */ = {isa = PBXBuildFile; fileRef = 4A4A41E32B2EDCAF00B411D1 /* PaidedView.swift */; };
		4A4A41E82B30E94800B411D1 /* NumberSelection.swift in Sources */ = {isa = PBXBuildFile; fileRef = 4A4A41E72B30E94800B411D1 /* NumberSelection.swift */; };
		4A68C0AF2B31C00700894BAE /* HotelViewModel.swift in Sources */ = {isa = PBXBuildFile; fileRef = 4A68C0AE2B31C00700894BAE /* HotelViewModel.swift */; };
		4A68C0B12B31E6C100894BAE /* HotelView.swift in Sources */ = {isa = PBXBuildFile; fileRef = 4A68C0B02B31E6C100894BAE /* HotelView.swift */; };
		4A68C0B42B31E72C00894BAE /* RatingView.swift in Sources */ = {isa = PBXBuildFile; fileRef = 4A68C0B32B31E72C00894BAE /* RatingView.swift */; };
		4A68C0B62B31EC7100894BAE /* СarouselPhotoView.swift in Sources */ = {isa = PBXBuildFile; fileRef = 4A68C0B52B31EC7100894BAE /* СarouselPhotoView.swift */; };
		4A68C0BA2B31F78E00894BAE /* Link's.swift in Sources */ = {isa = PBXBuildFile; fileRef = 4A68C0B92B31F78E00894BAE /* Link's.swift */; };
		4A6E3B9C2B361EC300083329 /* TouristInfoView.swift in Sources */ = {isa = PBXBuildFile; fileRef = 4A6E3B9B2B361EC300083329 /* TouristInfoView.swift */; };
		4A7F50822B34BF32009B244B /* NumberSelectionView.swift in Sources */ = {isa = PBXBuildFile; fileRef = 4A7F50812B34BF32009B244B /* NumberSelectionView.swift */; };
		4A7F50842B34BF71009B244B /* NumberSelectionViewModel.swift in Sources */ = {isa = PBXBuildFile; fileRef = 4A7F50832B34BF71009B244B /* NumberSelectionViewModel.swift */; };
		4A7F50862B34D53C009B244B /* BookingView.swift in Sources */ = {isa = PBXBuildFile; fileRef = 4A7F50852B34D53C009B244B /* BookingView.swift */; };
		4A7F50882B34D595009B244B /* BookingViewModel.swift in Sources */ = {isa = PBXBuildFile; fileRef = 4A7F50872B34D595009B244B /* BookingViewModel.swift */; };
		4A7F508A2B34E15C009B244B /* Booking.swift in Sources */ = {isa = PBXBuildFile; fileRef = 4A7F50892B34E15C009B244B /* Booking.swift */; };
		4A7F508C2B34E4E3009B244B /* PaymentView.swift in Sources */ = {isa = PBXBuildFile; fileRef = 4A7F508B2B34E4E3009B244B /* PaymentView.swift */; };
		4A7F508E2B34ECDA009B244B /* HotelInfoView.swift in Sources */ = {isa = PBXBuildFile; fileRef = 4A7F508D2B34ECDA009B244B /* HotelInfoView.swift */; };
		4A7F50922B355F0D009B244B /* NameAndAddresView.swift in Sources */ = {isa = PBXBuildFile; fileRef = 4A7F50912B355F0D009B244B /* NameAndAddresView.swift */; };
		4A7F50942B3563EA009B244B /* PriceView.swift in Sources */ = {isa = PBXBuildFile; fileRef = 4A7F50932B3563EA009B244B /* PriceView.swift */; };
		4A7F50962B356768009B244B /* PeculiaritiesView.swift in Sources */ = {isa = PBXBuildFile; fileRef = 4A7F50952B356768009B244B /* PeculiaritiesView.swift */; };
		4A7F509A2B35F4C1009B244B /* CustomTextFieldView.swift in Sources */ = {isa = PBXBuildFile; fileRef = 4A7F50992B35F4C1009B244B /* CustomTextFieldView.swift */; };
/* End PBXBuildFile section */

/* Begin PBXFileReference section */
		4A0396272B3648180023521F /* PhoneNumberVIew.swift */ = {isa = PBXFileReference; lastKnownFileType = sourcecode.swift; path = PhoneNumberVIew.swift; sourceTree = "<group>"; };
		4A0396292B364B950023521F /* MailVIew.swift */ = {isa = PBXFileReference; lastKnownFileType = sourcecode.swift; path = MailVIew.swift; sourceTree = "<group>"; };
		4A03962C2B364EED0023521F /* Helper.swift */ = {isa = PBXFileReference; lastKnownFileType = sourcecode.swift; path = Helper.swift; sourceTree = "<group>"; };
		4A2F77682B3702E700777B5E /* User.swift */ = {isa = PBXFileReference; lastKnownFileType = sourcecode.swift; path = User.swift; sourceTree = "<group>"; };
		4A2F776B2B374D8400777B5E /* ViewModifier's.swift */ = {isa = PBXFileReference; lastKnownFileType = sourcecode.swift; path = "ViewModifier's.swift"; sourceTree = "<group>"; };
		4A4A41CC2B2EC95E00B411D1 /* Booking hotels.app */ = {isa = PBXFileReference; explicitFileType = wrapper.application; includeInIndex = 0; path = "Booking hotels.app"; sourceTree = BUILT_PRODUCTS_DIR; };
		4A4A41CF2B2EC95E00B411D1 /* Booking_hotelsApp.swift */ = {isa = PBXFileReference; lastKnownFileType = sourcecode.swift; path = Booking_hotelsApp.swift; sourceTree = "<group>"; };
		4A4A41D32B2EC95E00B411D1 /* Assets.xcassets */ = {isa = PBXFileReference; lastKnownFileType = folder.assetcatalog; path = Assets.xcassets; sourceTree = "<group>"; };
		4A4A41D62B2EC95E00B411D1 /* Preview Assets.xcassets */ = {isa = PBXFileReference; lastKnownFileType = folder.assetcatalog; path = "Preview Assets.xcassets"; sourceTree = "<group>"; };
		4A4A41DE2B2EC9A000B411D1 /* Hotel.swift */ = {isa = PBXFileReference; lastKnownFileType = sourcecode.swift; path = Hotel.swift; sourceTree = "<group>"; };
		4A4A41E12B2ECBF100B411D1 /* NetworkManager.swift */ = {isa = PBXFileReference; lastKnownFileType = sourcecode.swift; path = NetworkManager.swift; sourceTree = "<group>"; };
		4A4A41E32B2EDCAF00B411D1 /* PaidedView.swift */ = {isa = PBXFileReference; lastKnownFileType = sourcecode.swift; path = PaidedView.swift; sourceTree = "<group>"; };
		4A4A41E72B30E94800B411D1 /* NumberSelection.swift */ = {isa = PBXFileReference; lastKnownFileType = sourcecode.swift; path = NumberSelection.swift; sourceTree = "<group>"; };
		4A68C0AE2B31C00700894BAE /* HotelViewModel.swift */ = {isa = PBXFileReference; lastKnownFileType = sourcecode.swift; path = HotelViewModel.swift; sourceTree = "<group>"; };
		4A68C0B02B31E6C100894BAE /* HotelView.swift */ = {isa = PBXFileReference; lastKnownFileType = sourcecode.swift; path = HotelView.swift; sourceTree = "<group>"; };
		4A68C0B32B31E72C00894BAE /* RatingView.swift */ = {isa = PBXFileReference; lastKnownFileType = sourcecode.swift; path = RatingView.swift; sourceTree = "<group>"; };
		4A68C0B52B31EC7100894BAE /* СarouselPhotoView.swift */ = {isa = PBXFileReference; lastKnownFileType = sourcecode.swift; path = "СarouselPhotoView.swift"; sourceTree = "<group>"; };
		4A68C0B92B31F78E00894BAE /* Link's.swift */ = {isa = PBXFileReference; lastKnownFileType = sourcecode.swift; path = "Link's.swift"; sourceTree = "<group>"; };
		4A6E3B9B2B361EC300083329 /* TouristInfoView.swift */ = {isa = PBXFileReference; lastKnownFileType = sourcecode.swift; path = TouristInfoView.swift; sourceTree = "<group>"; };
		4A7F50812B34BF32009B244B /* NumberSelectionView.swift */ = {isa = PBXFileReference; lastKnownFileType = sourcecode.swift; path = NumberSelectionView.swift; sourceTree = "<group>"; };
		4A7F50832B34BF71009B244B /* NumberSelectionViewModel.swift */ = {isa = PBXFileReference; lastKnownFileType = sourcecode.swift; path = NumberSelectionViewModel.swift; sourceTree = "<group>"; };
		4A7F50852B34D53C009B244B /* BookingView.swift */ = {isa = PBXFileReference; lastKnownFileType = sourcecode.swift; path = BookingView.swift; sourceTree = "<group>"; };
		4A7F50872B34D595009B244B /* BookingViewModel.swift */ = {isa = PBXFileReference; lastKnownFileType = sourcecode.swift; path = BookingViewModel.swift; sourceTree = "<group>"; };
		4A7F50892B34E15C009B244B /* Booking.swift */ = {isa = PBXFileReference; lastKnownFileType = sourcecode.swift; path = Booking.swift; sourceTree = "<group>"; };
		4A7F508B2B34E4E3009B244B /* PaymentView.swift */ = {isa = PBXFileReference; lastKnownFileType = sourcecode.swift; path = PaymentView.swift; sourceTree = "<group>"; };
		4A7F508D2B34ECDA009B244B /* HotelInfoView.swift */ = {isa = PBXFileReference; lastKnownFileType = sourcecode.swift; path = HotelInfoView.swift; sourceTree = "<group>"; };
		4A7F50912B355F0D009B244B /* NameAndAddresView.swift */ = {isa = PBXFileReference; lastKnownFileType = sourcecode.swift; path = NameAndAddresView.swift; sourceTree = "<group>"; };
		4A7F50932B3563EA009B244B /* PriceView.swift */ = {isa = PBXFileReference; lastKnownFileType = sourcecode.swift; path = PriceView.swift; sourceTree = "<group>"; };
		4A7F50952B356768009B244B /* PeculiaritiesView.swift */ = {isa = PBXFileReference; lastKnownFileType = sourcecode.swift; path = PeculiaritiesView.swift; sourceTree = "<group>"; };
		4A7F50992B35F4C1009B244B /* CustomTextFieldView.swift */ = {isa = PBXFileReference; lastKnownFileType = sourcecode.swift; path = CustomTextFieldView.swift; sourceTree = "<group>"; };
/* End PBXFileReference section */

/* Begin PBXFrameworksBuildPhase section */
		4A4A41C92B2EC95E00B411D1 /* Frameworks */ = {
			isa = PBXFrameworksBuildPhase;
			buildActionMask = 2147483647;
			files = (
			);
			runOnlyForDeploymentPostprocessing = 0;
		};
/* End PBXFrameworksBuildPhase section */

/* Begin PBXGroup section */
		4A03962B2B364EE30023521F /* Helper */ = {
			isa = PBXGroup;
			children = (
				4A03962C2B364EED0023521F /* Helper.swift */,
				4A2F776B2B374D8400777B5E /* ViewModifier's.swift */,
			);
			path = Helper;
			sourceTree = "<group>";
		};
		4A4A41C32B2EC95E00B411D1 = {
			isa = PBXGroup;
			children = (
				4A4A41CE2B2EC95E00B411D1 /* Booking hotels */,
				4A4A41CD2B2EC95E00B411D1 /* Products */,
			);
			sourceTree = "<group>";
		};
		4A4A41CD2B2EC95E00B411D1 /* Products */ = {
			isa = PBXGroup;
			children = (
				4A4A41CC2B2EC95E00B411D1 /* Booking hotels.app */,
			);
			name = Products;
			sourceTree = "<group>";
		};
		4A4A41CE2B2EC95E00B411D1 /* Booking hotels */ = {
			isa = PBXGroup;
			children = (
				4A03962B2B364EE30023521F /* Helper */,
				4A68C0B22B31E71D00894BAE /* SubView */,
				4A4A41EC2B31BF4400B411D1 /* Views */,
				4A4A41EB2B31BF3500B411D1 /* ViewModel */,
				4A4A41E02B2ECBBD00B411D1 /* Manager */,
				4A4A41DD2B2EC99400B411D1 /* Model */,
				4A4A41CF2B2EC95E00B411D1 /* Booking_hotelsApp.swift */,
				4A4A41D32B2EC95E00B411D1 /* Assets.xcassets */,
				4A4A41D52B2EC95E00B411D1 /* Preview Content */,
			);
			path = "Booking hotels";
			sourceTree = "<group>";
		};
		4A4A41D52B2EC95E00B411D1 /* Preview Content */ = {
			isa = PBXGroup;
			children = (
				4A4A41D62B2EC95E00B411D1 /* Preview Assets.xcassets */,
			);
			path = "Preview Content";
			sourceTree = "<group>";
		};
		4A4A41DD2B2EC99400B411D1 /* Model */ = {
			isa = PBXGroup;
			children = (
				4A68C0B92B31F78E00894BAE /* Link's.swift */,
				4A4A41DE2B2EC9A000B411D1 /* Hotel.swift */,
				4A4A41E72B30E94800B411D1 /* NumberSelection.swift */,
				4A7F50892B34E15C009B244B /* Booking.swift */,
				4A2F77682B3702E700777B5E /* User.swift */,
			);
			path = Model;
			sourceTree = "<group>";
		};
		4A4A41E02B2ECBBD00B411D1 /* Manager */ = {
			isa = PBXGroup;
			children = (
				4A4A41E12B2ECBF100B411D1 /* NetworkManager.swift */,
			);
			path = Manager;
			sourceTree = "<group>";
		};
		4A4A41EB2B31BF3500B411D1 /* ViewModel */ = {
			isa = PBXGroup;
			children = (
				4A68C0AE2B31C00700894BAE /* HotelViewModel.swift */,
				4A7F50832B34BF71009B244B /* NumberSelectionViewModel.swift */,
				4A7F50872B34D595009B244B /* BookingViewModel.swift */,
			);
			path = ViewModel;
			sourceTree = "<group>";
		};
		4A4A41EC2B31BF4400B411D1 /* Views */ = {
			isa = PBXGroup;
			children = (
				4A4A41E32B2EDCAF00B411D1 /* PaidedView.swift */,
				4A68C0B02B31E6C100894BAE /* HotelView.swift */,
				4A7F50812B34BF32009B244B /* NumberSelectionView.swift */,
				4A7F50852B34D53C009B244B /* BookingView.swift */,
			);
			path = Views;
			sourceTree = "<group>";
		};
		4A68C0B22B31E71D00894BAE /* SubView */ = {
			isa = PBXGroup;
			children = (
				4A68C0B32B31E72C00894BAE /* RatingView.swift */,
				4A68C0B52B31EC7100894BAE /* СarouselPhotoView.swift */,
				4A7F508B2B34E4E3009B244B /* PaymentView.swift */,
				4A7F508D2B34ECDA009B244B /* HotelInfoView.swift */,
				4A7F50912B355F0D009B244B /* NameAndAddresView.swift */,
				4A7F50932B3563EA009B244B /* PriceView.swift */,
				4A7F50952B356768009B244B /* PeculiaritiesView.swift */,
				4A6E3B9B2B361EC300083329 /* TouristInfoView.swift */,
				4A7F50992B35F4C1009B244B /* CustomTextFieldView.swift */,
				4A0396272B3648180023521F /* PhoneNumberVIew.swift */,
				4A0396292B364B950023521F /* MailVIew.swift */,
			);
			path = SubView;
			sourceTree = "<group>";
		};
/* End PBXGroup section */

/* Begin PBXNativeTarget section */
		4A4A41CB2B2EC95E00B411D1 /* Booking hotels */ = {
			isa = PBXNativeTarget;
			buildConfigurationList = 4A4A41DA2B2EC95E00B411D1 /* Build configuration list for PBXNativeTarget "Booking hotels" */;
			buildPhases = (
				4A4A41C82B2EC95E00B411D1 /* Sources */,
				4A4A41C92B2EC95E00B411D1 /* Frameworks */,
				4A4A41CA2B2EC95E00B411D1 /* Resources */,
			);
			buildRules = (
			);
			dependencies = (
			);
			name = "Booking hotels";
			productName = "Booking hotels";
			productReference = 4A4A41CC2B2EC95E00B411D1 /* Booking hotels.app */;
			productType = "com.apple.product-type.application";
		};
/* End PBXNativeTarget section */

/* Begin PBXProject section */
		4A4A41C42B2EC95E00B411D1 /* Project object */ = {
			isa = PBXProject;
			attributes = {
				BuildIndependentTargetsInParallel = 1;
				LastSwiftUpdateCheck = 1410;
				LastUpgradeCheck = 1410;
				TargetAttributes = {
					4A4A41CB2B2EC95E00B411D1 = {
						CreatedOnToolsVersion = 14.1;
					};
				};
			};
			buildConfigurationList = 4A4A41C72B2EC95E00B411D1 /* Build configuration list for PBXProject "Booking hotels" */;
			compatibilityVersion = "Xcode 14.0";
			developmentRegion = en;
			hasScannedForEncodings = 0;
			knownRegions = (
				en,
				Base,
			);
			mainGroup = 4A4A41C32B2EC95E00B411D1;
			productRefGroup = 4A4A41CD2B2EC95E00B411D1 /* Products */;
			projectDirPath = "";
			projectRoot = "";
			targets = (
				4A4A41CB2B2EC95E00B411D1 /* Booking hotels */,
			);
		};
/* End PBXProject section */

/* Begin PBXResourcesBuildPhase section */
		4A4A41CA2B2EC95E00B411D1 /* Resources */ = {
			isa = PBXResourcesBuildPhase;
			buildActionMask = 2147483647;
			files = (
				4A4A41D72B2EC95E00B411D1 /* Preview Assets.xcassets in Resources */,
				4A4A41D42B2EC95E00B411D1 /* Assets.xcassets in Resources */,
			);
			runOnlyForDeploymentPostprocessing = 0;
		};
/* End PBXResourcesBuildPhase section */

/* Begin PBXSourcesBuildPhase section */
		4A4A41C82B2EC95E00B411D1 /* Sources */ = {
			isa = PBXSourcesBuildPhase;
			buildActionMask = 2147483647;
			files = (
				4A4A41E22B2ECBF100B411D1 /* NetworkManager.swift in Sources */,
				4A7F508C2B34E4E3009B244B /* PaymentView.swift in Sources */,
				4A7F508A2B34E15C009B244B /* Booking.swift in Sources */,
				4A68C0B42B31E72C00894BAE /* RatingView.swift in Sources */,
				4A7F50822B34BF32009B244B /* NumberSelectionView.swift in Sources */,
				4A03962D2B364EED0023521F /* Helper.swift in Sources */,
				4A7F50962B356768009B244B /* PeculiaritiesView.swift in Sources */,
				4A4A41DF2B2EC9A000B411D1 /* Hotel.swift in Sources */,
				4A68C0AF2B31C00700894BAE /* HotelViewModel.swift in Sources */,
				4A7F50882B34D595009B244B /* BookingViewModel.swift in Sources */,
				4A0396282B3648180023521F /* PhoneNumberVIew.swift in Sources */,
				4A7F509A2B35F4C1009B244B /* CustomTextFieldView.swift in Sources */,
				4A4A41D02B2EC95E00B411D1 /* Booking_hotelsApp.swift in Sources */,
				4A68C0B12B31E6C100894BAE /* HotelView.swift in Sources */,
				4A7F508E2B34ECDA009B244B /* HotelInfoView.swift in Sources */,
				4A2F776C2B374D8400777B5E /* ViewModifier's.swift in Sources */,
				4A68C0BA2B31F78E00894BAE /* Link's.swift in Sources */,
				4A7F50942B3563EA009B244B /* PriceView.swift in Sources */,
				4A6E3B9C2B361EC300083329 /* TouristInfoView.swift in Sources */,
				4A2F77692B3702E700777B5E /* User.swift in Sources */,
				4A7F50862B34D53C009B244B /* BookingView.swift in Sources */,
				4A7F50922B355F0D009B244B /* NameAndAddresView.swift in Sources */,
				4A4A41E82B30E94800B411D1 /* NumberSelection.swift in Sources */,
				4A7F50842B34BF71009B244B /* NumberSelectionViewModel.swift in Sources */,
				4A4A41E42B2EDCAF00B411D1 /* PaidedView.swift in Sources */,
				4A68C0B62B31EC7100894BAE /* СarouselPhotoView.swift in Sources */,
				4A03962A2B364B950023521F /* MailVIew.swift in Sources */,
			);
			runOnlyForDeploymentPostprocessing = 0;
		};
/* End PBXSourcesBuildPhase section */

/* Begin XCBuildConfiguration section */
		4A4A41D82B2EC95E00B411D1 /* Debug */ = {
			isa = XCBuildConfiguration;
			buildSettings = {
				ALWAYS_SEARCH_USER_PATHS = NO;
				CLANG_ANALYZER_NONNULL = YES;
				CLANG_ANALYZER_NUMBER_OBJECT_CONVERSION = YES_AGGRESSIVE;
				CLANG_CXX_LANGUAGE_STANDARD = "gnu++20";
				CLANG_ENABLE_MODULES = YES;
				CLANG_ENABLE_OBJC_ARC = YES;
				CLANG_ENABLE_OBJC_WEAK = YES;
				CLANG_WARN_BLOCK_CAPTURE_AUTORELEASING = YES;
				CLANG_WARN_BOOL_CONVERSION = YES;
				CLANG_WARN_COMMA = YES;
				CLANG_WARN_CONSTANT_CONVERSION = YES;
				CLANG_WARN_DEPRECATED_OBJC_IMPLEMENTATIONS = YES;
				CLANG_WARN_DIRECT_OBJC_ISA_USAGE = YES_ERROR;
				CLANG_WARN_DOCUMENTATION_COMMENTS = YES;
				CLANG_WARN_EMPTY_BODY = YES;
				CLANG_WARN_ENUM_CONVERSION = YES;
				CLANG_WARN_INFINITE_RECURSION = YES;
				CLANG_WARN_INT_CONVERSION = YES;
				CLANG_WARN_NON_LITERAL_NULL_CONVERSION = YES;
				CLANG_WARN_OBJC_IMPLICIT_RETAIN_SELF = YES;
				CLANG_WARN_OBJC_LITERAL_CONVERSION = YES;
				CLANG_WARN_OBJC_ROOT_CLASS = YES_ERROR;
				CLANG_WARN_QUOTED_INCLUDE_IN_FRAMEWORK_HEADER = YES;
				CLANG_WARN_RANGE_LOOP_ANALYSIS = YES;
				CLANG_WARN_STRICT_PROTOTYPES = YES;
				CLANG_WARN_SUSPICIOUS_MOVE = YES;
				CLANG_WARN_UNGUARDED_AVAILABILITY = YES_AGGRESSIVE;
				CLANG_WARN_UNREACHABLE_CODE = YES;
				CLANG_WARN__DUPLICATE_METHOD_MATCH = YES;
				COPY_PHASE_STRIP = NO;
				DEBUG_INFORMATION_FORMAT = dwarf;
				ENABLE_STRICT_OBJC_MSGSEND = YES;
				ENABLE_TESTABILITY = YES;
				GCC_C_LANGUAGE_STANDARD = gnu11;
				GCC_DYNAMIC_NO_PIC = NO;
				GCC_NO_COMMON_BLOCKS = YES;
				GCC_OPTIMIZATION_LEVEL = 0;
				GCC_PREPROCESSOR_DEFINITIONS = (
					"DEBUG=1",
					"$(inherited)",
				);
				GCC_WARN_64_TO_32_BIT_CONVERSION = YES;
				GCC_WARN_ABOUT_RETURN_TYPE = YES_ERROR;
				GCC_WARN_UNDECLARED_SELECTOR = YES;
				GCC_WARN_UNINITIALIZED_AUTOS = YES_AGGRESSIVE;
				GCC_WARN_UNUSED_FUNCTION = YES;
				GCC_WARN_UNUSED_VARIABLE = YES;
				IPHONEOS_DEPLOYMENT_TARGET = 16.1;
				MTL_ENABLE_DEBUG_INFO = INCLUDE_SOURCE;
				MTL_FAST_MATH = YES;
				ONLY_ACTIVE_ARCH = YES;
				SDKROOT = iphoneos;
				SWIFT_ACTIVE_COMPILATION_CONDITIONS = DEBUG;
				SWIFT_OPTIMIZATION_LEVEL = "-Onone";
			};
			name = Debug;
		};
		4A4A41D92B2EC95E00B411D1 /* Release */ = {
			isa = XCBuildConfiguration;
			buildSettings = {
				ALWAYS_SEARCH_USER_PATHS = NO;
				CLANG_ANALYZER_NONNULL = YES;
				CLANG_ANALYZER_NUMBER_OBJECT_CONVERSION = YES_AGGRESSIVE;
				CLANG_CXX_LANGUAGE_STANDARD = "gnu++20";
				CLANG_ENABLE_MODULES = YES;
				CLANG_ENABLE_OBJC_ARC = YES;
				CLANG_ENABLE_OBJC_WEAK = YES;
				CLANG_WARN_BLOCK_CAPTURE_AUTORELEASING = YES;
				CLANG_WARN_BOOL_CONVERSION = YES;
				CLANG_WARN_COMMA = YES;
				CLANG_WARN_CONSTANT_CONVERSION = YES;
				CLANG_WARN_DEPRECATED_OBJC_IMPLEMENTATIONS = YES;
				CLANG_WARN_DIRECT_OBJC_ISA_USAGE = YES_ERROR;
				CLANG_WARN_DOCUMENTATION_COMMENTS = YES;
				CLANG_WARN_EMPTY_BODY = YES;
				CLANG_WARN_ENUM_CONVERSION = YES;
				CLANG_WARN_INFINITE_RECURSION = YES;
				CLANG_WARN_INT_CONVERSION = YES;
				CLANG_WARN_NON_LITERAL_NULL_CONVERSION = YES;
				CLANG_WARN_OBJC_IMPLICIT_RETAIN_SELF = YES;
				CLANG_WARN_OBJC_LITERAL_CONVERSION = YES;
				CLANG_WARN_OBJC_ROOT_CLASS = YES_ERROR;
				CLANG_WARN_QUOTED_INCLUDE_IN_FRAMEWORK_HEADER = YES;
				CLANG_WARN_RANGE_LOOP_ANALYSIS = YES;
				CLANG_WARN_STRICT_PROTOTYPES = YES;
				CLANG_WARN_SUSPICIOUS_MOVE = YES;
				CLANG_WARN_UNGUARDED_AVAILABILITY = YES_AGGRESSIVE;
				CLANG_WARN_UNREACHABLE_CODE = YES;
				CLANG_WARN__DUPLICATE_METHOD_MATCH = YES;
				COPY_PHASE_STRIP = NO;
				DEBUG_INFORMATION_FORMAT = "dwarf-with-dsym";
				ENABLE_NS_ASSERTIONS = NO;
				ENABLE_STRICT_OBJC_MSGSEND = YES;
				GCC_C_LANGUAGE_STANDARD = gnu11;
				GCC_NO_COMMON_BLOCKS = YES;
				GCC_WARN_64_TO_32_BIT_CONVERSION = YES;
				GCC_WARN_ABOUT_RETURN_TYPE = YES_ERROR;
				GCC_WARN_UNDECLARED_SELECTOR = YES;
				GCC_WARN_UNINITIALIZED_AUTOS = YES_AGGRESSIVE;
				GCC_WARN_UNUSED_FUNCTION = YES;
				GCC_WARN_UNUSED_VARIABLE = YES;
				IPHONEOS_DEPLOYMENT_TARGET = 16.1;
				MTL_ENABLE_DEBUG_INFO = NO;
				MTL_FAST_MATH = YES;
				SDKROOT = iphoneos;
				SWIFT_COMPILATION_MODE = wholemodule;
				SWIFT_OPTIMIZATION_LEVEL = "-O";
				VALIDATE_PRODUCT = YES;
			};
			name = Release;
		};
		4A4A41DB2B2EC95E00B411D1 /* Debug */ = {
			isa = XCBuildConfiguration;
			buildSettings = {
				ASSETCATALOG_COMPILER_APPICON_NAME = AppIcon;
				ASSETCATALOG_COMPILER_GLOBAL_ACCENT_COLOR_NAME = AccentColor;
				CODE_SIGN_STYLE = Automatic;
				CURRENT_PROJECT_VERSION = 1;
				DEVELOPMENT_ASSET_PATHS = "\"Booking hotels/Preview Content\"";
				ENABLE_PREVIEWS = YES;
				GENERATE_INFOPLIST_FILE = YES;
				INFOPLIST_KEY_UIApplicationSceneManifest_Generation = YES;
				INFOPLIST_KEY_UIApplicationSupportsIndirectInputEvents = YES;
				INFOPLIST_KEY_UILaunchScreen_Generation = YES;
				INFOPLIST_KEY_UISupportedInterfaceOrientations_iPad = "UIInterfaceOrientationPortrait UIInterfaceOrientationPortraitUpsideDown UIInterfaceOrientationLandscapeLeft UIInterfaceOrientationLandscapeRight";
				INFOPLIST_KEY_UISupportedInterfaceOrientations_iPhone = "UIInterfaceOrientationPortrait UIInterfaceOrientationLandscapeLeft UIInterfaceOrientationLandscapeRight";
				LD_RUNPATH_SEARCH_PATHS = (
					"$(inherited)",
					"@executable_path/Frameworks",
				);
				MARKETING_VERSION = 1.0;
				PRODUCT_BUNDLE_IDENTIFIER = "isa.arbuhov.Booking-hotels";
				PRODUCT_NAME = "$(TARGET_NAME)";
				SWIFT_EMIT_LOC_STRINGS = YES;
				SWIFT_VERSION = 5.0;
				TARGETED_DEVICE_FAMILY = "1,2";
			};
			name = Debug;
		};
		4A4A41DC2B2EC95E00B411D1 /* Release */ = {
			isa = XCBuildConfiguration;
			buildSettings = {
				ASSETCATALOG_COMPILER_APPICON_NAME = AppIcon;
				ASSETCATALOG_COMPILER_GLOBAL_ACCENT_COLOR_NAME = AccentColor;
				CODE_SIGN_STYLE = Automatic;
				CURRENT_PROJECT_VERSION = 1;
				DEVELOPMENT_ASSET_PATHS = "\"Booking hotels/Preview Content\"";
				ENABLE_PREVIEWS = YES;
				GENERATE_INFOPLIST_FILE = YES;
				INFOPLIST_KEY_UIApplicationSceneManifest_Generation = YES;
				INFOPLIST_KEY_UIApplicationSupportsIndirectInputEvents = YES;
				INFOPLIST_KEY_UILaunchScreen_Generation = YES;
				INFOPLIST_KEY_UISupportedInterfaceOrientations_iPad = "UIInterfaceOrientationPortrait UIInterfaceOrientationPortraitUpsideDown UIInterfaceOrientationLandscapeLeft UIInterfaceOrientationLandscapeRight";
				INFOPLIST_KEY_UISupportedInterfaceOrientations_iPhone = "UIInterfaceOrientationPortrait UIInterfaceOrientationLandscapeLeft UIInterfaceOrientationLandscapeRight";
				LD_RUNPATH_SEARCH_PATHS = (
					"$(inherited)",
					"@executable_path/Frameworks",
				);
				MARKETING_VERSION = 1.0;
				PRODUCT_BUNDLE_IDENTIFIER = "isa.arbuhov.Booking-hotels";
				PRODUCT_NAME = "$(TARGET_NAME)";
				SWIFT_EMIT_LOC_STRINGS = YES;
				SWIFT_VERSION = 5.0;
				TARGETED_DEVICE_FAMILY = "1,2";
			};
			name = Release;
		};
/* End XCBuildConfiguration section */

/* Begin XCConfigurationList section */
		4A4A41C72B2EC95E00B411D1 /* Build configuration list for PBXProject "Booking hotels" */ = {
			isa = XCConfigurationList;
			buildConfigurations = (
				4A4A41D82B2EC95E00B411D1 /* Debug */,
				4A4A41D92B2EC95E00B411D1 /* Release */,
			);
			defaultConfigurationIsVisible = 0;
			defaultConfigurationName = Release;
		};
		4A4A41DA2B2EC95E00B411D1 /* Build configuration list for PBXNativeTarget "Booking hotels" */ = {
			isa = XCConfigurationList;
			buildConfigurations = (
				4A4A41DB2B2EC95E00B411D1 /* Debug */,
				4A4A41DC2B2EC95E00B411D1 /* Release */,
			);
			defaultConfigurationIsVisible = 0;
			defaultConfigurationName = Release;
		};
/* End XCConfigurationList section */
	};
	rootObject = 4A4A41C42B2EC95E00B411D1 /* Project object */;
}
